// !$*UTF8*$!
{
	archiveVersion = 1;
	classes = {
	};
	objectVersion = 48;
	objects = {

/* Begin PBXBuildFile section */
		1FEF2AD95A3955868ECCE560 /* Pods_Flickr.framework in Frameworks */ = {isa = PBXBuildFile; fileRef = AD2B6FF426145773B3EC5C31 /* Pods_Flickr.framework */; };
		8891C04499D44561391B7E09 /* Pods_FlickrTests.framework in Frameworks */ = {isa = PBXBuildFile; fileRef = A3BDCE969F481A63970F16E2 /* Pods_FlickrTests.framework */; };
		986E2AB27F374DF6C6412A09 /* Pods_FlickrUITests.framework in Frameworks */ = {isa = PBXBuildFile; fileRef = 1EA6A8259AF8F35EC1FF2160 /* Pods_FlickrUITests.framework */; };
		EF06BBE9205DBE7D00BFEE8A /* JsonObjectConvertible.swift in Sources */ = {isa = PBXBuildFile; fileRef = EF06BBE8205DBE7D00BFEE8A /* JsonObjectConvertible.swift */; };
		EF7F4C5720C077580003A511 /* ImageLoader.swift in Sources */ = {isa = PBXBuildFile; fileRef = EF7F4C5620C077580003A511 /* ImageLoader.swift */; };
		EFC66D92205C3BAA00082749 /* AppDelegate.swift in Sources */ = {isa = PBXBuildFile; fileRef = EFC66D91205C3BAA00082749 /* AppDelegate.swift */; };
		EFC66D94205C3BAA00082749 /* ViewController.swift in Sources */ = {isa = PBXBuildFile; fileRef = EFC66D93205C3BAA00082749 /* ViewController.swift */; };
		EFC66D97205C3BAA00082749 /* Main.storyboard in Resources */ = {isa = PBXBuildFile; fileRef = EFC66D95205C3BAA00082749 /* Main.storyboard */; };
		EFC66D99205C3BAA00082749 /* Assets.xcassets in Resources */ = {isa = PBXBuildFile; fileRef = EFC66D98205C3BAA00082749 /* Assets.xcassets */; };
		EFC66D9C205C3BAA00082749 /* LaunchScreen.storyboard in Resources */ = {isa = PBXBuildFile; fileRef = EFC66D9A205C3BAA00082749 /* LaunchScreen.storyboard */; };
		EFC66DA7205C3BAA00082749 /* FlickrTests.swift in Sources */ = {isa = PBXBuildFile; fileRef = EFC66DA6205C3BAA00082749 /* FlickrTests.swift */; };
		EFC66DB2205C3BAA00082749 /* FlickrUITests.swift in Sources */ = {isa = PBXBuildFile; fileRef = EFC66DB1205C3BAA00082749 /* FlickrUITests.swift */; };
		EFC66DC0205C3C2B00082749 /* ImageCollectionViewCell.swift in Sources */ = {isa = PBXBuildFile; fileRef = EFC66DBF205C3C2B00082749 /* ImageCollectionViewCell.swift */; };
		EFC66DC2205C40FB00082749 /* FlickerManager.swift in Sources */ = {isa = PBXBuildFile; fileRef = EFC66DC1205C40FB00082749 /* FlickerManager.swift */; };
/* End PBXBuildFile section */

/* Begin PBXContainerItemProxy section */
		EFC66DA3205C3BAA00082749 /* PBXContainerItemProxy */ = {
			isa = PBXContainerItemProxy;
			containerPortal = EFC66D86205C3BAA00082749 /* Project object */;
			proxyType = 1;
			remoteGlobalIDString = EFC66D8D205C3BAA00082749;
			remoteInfo = Flickr;
		};
		EFC66DAE205C3BAA00082749 /* PBXContainerItemProxy */ = {
			isa = PBXContainerItemProxy;
			containerPortal = EFC66D86205C3BAA00082749 /* Project object */;
			proxyType = 1;
			remoteGlobalIDString = EFC66D8D205C3BAA00082749;
			remoteInfo = Flickr;
		};
/* End PBXContainerItemProxy section */

/* Begin PBXFileReference section */
		1EA6A8259AF8F35EC1FF2160 /* Pods_FlickrUITests.framework */ = {isa = PBXFileReference; explicitFileType = wrapper.framework; includeInIndex = 0; path = Pods_FlickrUITests.framework; sourceTree = BUILT_PRODUCTS_DIR; };
		23791E50F8605BAD72741BA0 /* Pods-FlickrUITests.debug.xcconfig */ = {isa = PBXFileReference; includeInIndex = 1; lastKnownFileType = text.xcconfig; name = "Pods-FlickrUITests.debug.xcconfig"; path = "Pods/Target Support Files/Pods-FlickrUITests/Pods-FlickrUITests.debug.xcconfig"; sourceTree = "<group>"; };
		24C2A6FED9C6D48AD973D1B1 /* Pods-FlickrUITests.release.xcconfig */ = {isa = PBXFileReference; includeInIndex = 1; lastKnownFileType = text.xcconfig; name = "Pods-FlickrUITests.release.xcconfig"; path = "Pods/Target Support Files/Pods-FlickrUITests/Pods-FlickrUITests.release.xcconfig"; sourceTree = "<group>"; };
		398F38D95D4ABD459D220B15 /* Pods-Flickr.debug.xcconfig */ = {isa = PBXFileReference; includeInIndex = 1; lastKnownFileType = text.xcconfig; name = "Pods-Flickr.debug.xcconfig"; path = "Pods/Target Support Files/Pods-Flickr/Pods-Flickr.debug.xcconfig"; sourceTree = "<group>"; };
		454BB5D31D5E601431F7DF00 /* Pods-Flickr.release.xcconfig */ = {isa = PBXFileReference; includeInIndex = 1; lastKnownFileType = text.xcconfig; name = "Pods-Flickr.release.xcconfig"; path = "Pods/Target Support Files/Pods-Flickr/Pods-Flickr.release.xcconfig"; sourceTree = "<group>"; };
		9886C5D183D4E3B18839B80C /* Pods-FlickrTests.debug.xcconfig */ = {isa = PBXFileReference; includeInIndex = 1; lastKnownFileType = text.xcconfig; name = "Pods-FlickrTests.debug.xcconfig"; path = "Pods/Target Support Files/Pods-FlickrTests/Pods-FlickrTests.debug.xcconfig"; sourceTree = "<group>"; };
		A3BDCE969F481A63970F16E2 /* Pods_FlickrTests.framework */ = {isa = PBXFileReference; explicitFileType = wrapper.framework; includeInIndex = 0; path = Pods_FlickrTests.framework; sourceTree = BUILT_PRODUCTS_DIR; };
		AD2B6FF426145773B3EC5C31 /* Pods_Flickr.framework */ = {isa = PBXFileReference; explicitFileType = wrapper.framework; includeInIndex = 0; path = Pods_Flickr.framework; sourceTree = BUILT_PRODUCTS_DIR; };
		C26D23F0EBA7BE962CD91280 /* Pods-FlickrTests.release.xcconfig */ = {isa = PBXFileReference; includeInIndex = 1; lastKnownFileType = text.xcconfig; name = "Pods-FlickrTests.release.xcconfig"; path = "Pods/Target Support Files/Pods-FlickrTests/Pods-FlickrTests.release.xcconfig"; sourceTree = "<group>"; };
		EF06BBE8205DBE7D00BFEE8A /* JsonObjectConvertible.swift */ = {isa = PBXFileReference; lastKnownFileType = sourcecode.swift; path = JsonObjectConvertible.swift; sourceTree = "<group>"; };
		EF7F4C5620C077580003A511 /* ImageLoader.swift */ = {isa = PBXFileReference; lastKnownFileType = sourcecode.swift; path = ImageLoader.swift; sourceTree = "<group>"; };
		EFC66D8E205C3BAA00082749 /* Flickr.app */ = {isa = PBXFileReference; explicitFileType = wrapper.application; includeInIndex = 0; path = Flickr.app; sourceTree = BUILT_PRODUCTS_DIR; };
		EFC66D91205C3BAA00082749 /* AppDelegate.swift */ = {isa = PBXFileReference; lastKnownFileType = sourcecode.swift; path = AppDelegate.swift; sourceTree = "<group>"; };
		EFC66D93205C3BAA00082749 /* ViewController.swift */ = {isa = PBXFileReference; lastKnownFileType = sourcecode.swift; path = ViewController.swift; sourceTree = "<group>"; };
		EFC66D96205C3BAA00082749 /* Base */ = {isa = PBXFileReference; lastKnownFileType = file.storyboard; name = Base; path = Base.lproj/Main.storyboard; sourceTree = "<group>"; };
		EFC66D98205C3BAA00082749 /* Assets.xcassets */ = {isa = PBXFileReference; lastKnownFileType = folder.assetcatalog; path = Assets.xcassets; sourceTree = "<group>"; };
		EFC66D9B205C3BAA00082749 /* Base */ = {isa = PBXFileReference; lastKnownFileType = file.storyboard; name = Base; path = Base.lproj/LaunchScreen.storyboard; sourceTree = "<group>"; };
		EFC66D9D205C3BAA00082749 /* Info.plist */ = {isa = PBXFileReference; lastKnownFileType = text.plist.xml; path = Info.plist; sourceTree = "<group>"; };
		EFC66DA2205C3BAA00082749 /* FlickrTests.xctest */ = {isa = PBXFileReference; explicitFileType = wrapper.cfbundle; includeInIndex = 0; path = FlickrTests.xctest; sourceTree = BUILT_PRODUCTS_DIR; };
		EFC66DA6205C3BAA00082749 /* FlickrTests.swift */ = {isa = PBXFileReference; lastKnownFileType = sourcecode.swift; path = FlickrTests.swift; sourceTree = "<group>"; };
		EFC66DA8205C3BAA00082749 /* Info.plist */ = {isa = PBXFileReference; lastKnownFileType = text.plist.xml; path = Info.plist; sourceTree = "<group>"; };
		EFC66DAD205C3BAA00082749 /* FlickrUITests.xctest */ = {isa = PBXFileReference; explicitFileType = wrapper.cfbundle; includeInIndex = 0; path = FlickrUITests.xctest; sourceTree = BUILT_PRODUCTS_DIR; };
		EFC66DB1205C3BAA00082749 /* FlickrUITests.swift */ = {isa = PBXFileReference; lastKnownFileType = sourcecode.swift; path = FlickrUITests.swift; sourceTree = "<group>"; };
		EFC66DB3205C3BAA00082749 /* Info.plist */ = {isa = PBXFileReference; lastKnownFileType = text.plist.xml; path = Info.plist; sourceTree = "<group>"; };
		EFC66DBF205C3C2B00082749 /* ImageCollectionViewCell.swift */ = {isa = PBXFileReference; lastKnownFileType = sourcecode.swift; path = ImageCollectionViewCell.swift; sourceTree = "<group>"; };
		EFC66DC1205C40FB00082749 /* FlickerManager.swift */ = {isa = PBXFileReference; lastKnownFileType = sourcecode.swift; path = FlickerManager.swift; sourceTree = "<group>"; };
/* End PBXFileReference section */

/* Begin PBXFrameworksBuildPhase section */
		EFC66D8B205C3BAA00082749 /* Frameworks */ = {
			isa = PBXFrameworksBuildPhase;
			buildActionMask = 2147483647;
			files = (
				1FEF2AD95A3955868ECCE560 /* Pods_Flickr.framework in Frameworks */,
			);
			runOnlyForDeploymentPostprocessing = 0;
		};
		EFC66D9F205C3BAA00082749 /* Frameworks */ = {
			isa = PBXFrameworksBuildPhase;
			buildActionMask = 2147483647;
			files = (
				8891C04499D44561391B7E09 /* Pods_FlickrTests.framework in Frameworks */,
			);
			runOnlyForDeploymentPostprocessing = 0;
		};
		EFC66DAA205C3BAA00082749 /* Frameworks */ = {
			isa = PBXFrameworksBuildPhase;
			buildActionMask = 2147483647;
			files = (
				986E2AB27F374DF6C6412A09 /* Pods_FlickrUITests.framework in Frameworks */,
			);
			runOnlyForDeploymentPostprocessing = 0;
		};
/* End PBXFrameworksBuildPhase section */

/* Begin PBXGroup section */
		9459861FB12C8D31C3F76AF8 /* Pods */ = {
			isa = PBXGroup;
			children = (
				398F38D95D4ABD459D220B15 /* Pods-Flickr.debug.xcconfig */,
				454BB5D31D5E601431F7DF00 /* Pods-Flickr.release.xcconfig */,
				9886C5D183D4E3B18839B80C /* Pods-FlickrTests.debug.xcconfig */,
				C26D23F0EBA7BE962CD91280 /* Pods-FlickrTests.release.xcconfig */,
				23791E50F8605BAD72741BA0 /* Pods-FlickrUITests.debug.xcconfig */,
				24C2A6FED9C6D48AD973D1B1 /* Pods-FlickrUITests.release.xcconfig */,
			);
			name = Pods;
			sourceTree = "<group>";
		};
		AE8DD8CD34584C3C80EC6439 /* Frameworks */ = {
			isa = PBXGroup;
			children = (
				AD2B6FF426145773B3EC5C31 /* Pods_Flickr.framework */,
				A3BDCE969F481A63970F16E2 /* Pods_FlickrTests.framework */,
				1EA6A8259AF8F35EC1FF2160 /* Pods_FlickrUITests.framework */,
			);
			name = Frameworks;
			sourceTree = "<group>";
		};
		EFC66D85205C3BAA00082749 = {
			isa = PBXGroup;
			children = (
				EFC66D90205C3BAA00082749 /* Flickr */,
				EFC66DA5205C3BAA00082749 /* FlickrTests */,
				EFC66DB0205C3BAA00082749 /* FlickrUITests */,
				EFC66D8F205C3BAA00082749 /* Products */,
				9459861FB12C8D31C3F76AF8 /* Pods */,
				AE8DD8CD34584C3C80EC6439 /* Frameworks */,
			);
			sourceTree = "<group>";
		};
		EFC66D8F205C3BAA00082749 /* Products */ = {
			isa = PBXGroup;
			children = (
				EFC66D8E205C3BAA00082749 /* Flickr.app */,
				EFC66DA2205C3BAA00082749 /* FlickrTests.xctest */,
				EFC66DAD205C3BAA00082749 /* FlickrUITests.xctest */,
			);
			name = Products;
			sourceTree = "<group>";
		};
		EFC66D90205C3BAA00082749 /* Flickr */ = {
			isa = PBXGroup;
			children = (
				EFC66D91205C3BAA00082749 /* AppDelegate.swift */,
				EFC66D93205C3BAA00082749 /* ViewController.swift */,
				EFC66D95205C3BAA00082749 /* Main.storyboard */,
				EFC66D98205C3BAA00082749 /* Assets.xcassets */,
				EFC66D9A205C3BAA00082749 /* LaunchScreen.storyboard */,
				EFC66D9D205C3BAA00082749 /* Info.plist */,
				EFC66DBF205C3C2B00082749 /* ImageCollectionViewCell.swift */,
				EFC66DC1205C40FB00082749 /* FlickerManager.swift */,
				EF06BBE8205DBE7D00BFEE8A /* JsonObjectConvertible.swift */,
				EF7F4C5620C077580003A511 /* ImageLoader.swift */,
			);
			path = Flickr;
			sourceTree = "<group>";
		};
		EFC66DA5205C3BAA00082749 /* FlickrTests */ = {
			isa = PBXGroup;
			children = (
				EFC66DA6205C3BAA00082749 /* FlickrTests.swift */,
				EFC66DA8205C3BAA00082749 /* Info.plist */,
			);
			path = FlickrTests;
			sourceTree = "<group>";
		};
		EFC66DB0205C3BAA00082749 /* FlickrUITests */ = {
			isa = PBXGroup;
			children = (
				EFC66DB1205C3BAA00082749 /* FlickrUITests.swift */,
				EFC66DB3205C3BAA00082749 /* Info.plist */,
			);
			path = FlickrUITests;
			sourceTree = "<group>";
		};
/* End PBXGroup section */

/* Begin PBXNativeTarget section */
		EFC66D8D205C3BAA00082749 /* Flickr */ = {
			isa = PBXNativeTarget;
			buildConfigurationList = EFC66DB6205C3BAA00082749 /* Build configuration list for PBXNativeTarget "Flickr" */;
			buildPhases = (
				768FFD1A98AF49A1FA9CF885 /* [CP] Check Pods Manifest.lock */,
				EFC66D8A205C3BAA00082749 /* Sources */,
				EFC66D8B205C3BAA00082749 /* Frameworks */,
				EFC66D8C205C3BAA00082749 /* Resources */,
				C8E695CB10E3389E384B6BED /* [CP] Embed Pods Frameworks */,
			);
			buildRules = (
			);
			dependencies = (
			);
			name = Flickr;
			productName = Flickr;
			productReference = EFC66D8E205C3BAA00082749 /* Flickr.app */;
			productType = "com.apple.product-type.application";
		};
		EFC66DA1205C3BAA00082749 /* FlickrTests */ = {
			isa = PBXNativeTarget;
			buildConfigurationList = EFC66DB9205C3BAA00082749 /* Build configuration list for PBXNativeTarget "FlickrTests" */;
			buildPhases = (
				969D3F50B830DB1CB6E88768 /* [CP] Check Pods Manifest.lock */,
				EFC66D9E205C3BAA00082749 /* Sources */,
				EFC66D9F205C3BAA00082749 /* Frameworks */,
				EFC66DA0205C3BAA00082749 /* Resources */,
			);
			buildRules = (
			);
			dependencies = (
				EFC66DA4205C3BAA00082749 /* PBXTargetDependency */,
			);
			name = FlickrTests;
			productName = FlickrTests;
			productReference = EFC66DA2205C3BAA00082749 /* FlickrTests.xctest */;
			productType = "com.apple.product-type.bundle.unit-test";
		};
		EFC66DAC205C3BAA00082749 /* FlickrUITests */ = {
			isa = PBXNativeTarget;
			buildConfigurationList = EFC66DBC205C3BAA00082749 /* Build configuration list for PBXNativeTarget "FlickrUITests" */;
			buildPhases = (
				B83DAAB157840D6CB67F3BC2 /* [CP] Check Pods Manifest.lock */,
				EFC66DA9205C3BAA00082749 /* Sources */,
				EFC66DAA205C3BAA00082749 /* Frameworks */,
				EFC66DAB205C3BAA00082749 /* Resources */,
			);
			buildRules = (
			);
			dependencies = (
				EFC66DAF205C3BAA00082749 /* PBXTargetDependency */,
			);
			name = FlickrUITests;
			productName = FlickrUITests;
			productReference = EFC66DAD205C3BAA00082749 /* FlickrUITests.xctest */;
			productType = "com.apple.product-type.bundle.ui-testing";
		};
/* End PBXNativeTarget section */

/* Begin PBXProject section */
		EFC66D86205C3BAA00082749 /* Project object */ = {
			isa = PBXProject;
			attributes = {
				LastSwiftUpdateCheck = 0920;
				LastUpgradeCheck = 1240;
				ORGANIZATIONNAME = "Yu, Huiting";
				TargetAttributes = {
					EFC66D8D205C3BAA00082749 = {
						CreatedOnToolsVersion = 9.2;
						ProvisioningStyle = Automatic;
					};
					EFC66DA1205C3BAA00082749 = {
						CreatedOnToolsVersion = 9.2;
						LastSwiftMigration = 1240;
						ProvisioningStyle = Automatic;
						TestTargetID = EFC66D8D205C3BAA00082749;
					};
					EFC66DAC205C3BAA00082749 = {
						CreatedOnToolsVersion = 9.2;
						LastSwiftMigration = 1240;
						ProvisioningStyle = Automatic;
						TestTargetID = EFC66D8D205C3BAA00082749;
					};
				};
			};
			buildConfigurationList = EFC66D89205C3BAA00082749 /* Build configuration list for PBXProject "Flickr" */;
			compatibilityVersion = "Xcode 8.0";
			developmentRegion = en;
			hasScannedForEncodings = 0;
			knownRegions = (
				en,
				Base,
			);
			mainGroup = EFC66D85205C3BAA00082749;
			productRefGroup = EFC66D8F205C3BAA00082749 /* Products */;
			projectDirPath = "";
			projectRoot = "";
			targets = (
				EFC66D8D205C3BAA00082749 /* Flickr */,
				EFC66DA1205C3BAA00082749 /* FlickrTests */,
				EFC66DAC205C3BAA00082749 /* FlickrUITests */,
			);
		};
/* End PBXProject section */

/* Begin PBXResourcesBuildPhase section */
		EFC66D8C205C3BAA00082749 /* Resources */ = {
			isa = PBXResourcesBuildPhase;
			buildActionMask = 2147483647;
			files = (
				EFC66D9C205C3BAA00082749 /* LaunchScreen.storyboard in Resources */,
				EFC66D99205C3BAA00082749 /* Assets.xcassets in Resources */,
				EFC66D97205C3BAA00082749 /* Main.storyboard in Resources */,
			);
			runOnlyForDeploymentPostprocessing = 0;
		};
		EFC66DA0205C3BAA00082749 /* Resources */ = {
			isa = PBXResourcesBuildPhase;
			buildActionMask = 2147483647;
			files = (
			);
			runOnlyForDeploymentPostprocessing = 0;
		};
		EFC66DAB205C3BAA00082749 /* Resources */ = {
			isa = PBXResourcesBuildPhase;
			buildActionMask = 2147483647;
			files = (
			);
			runOnlyForDeploymentPostprocessing = 0;
		};
/* End PBXResourcesBuildPhase section */

/* Begin PBXShellScriptBuildPhase section */
		768FFD1A98AF49A1FA9CF885 /* [CP] Check Pods Manifest.lock */ = {
			isa = PBXShellScriptBuildPhase;
			buildActionMask = 2147483647;
			files = (
			);
			inputPaths = (
				"${PODS_PODFILE_DIR_PATH}/Podfile.lock",
				"${PODS_ROOT}/Manifest.lock",
			);
			name = "[CP] Check Pods Manifest.lock";
			outputPaths = (
				"$(DERIVED_FILE_DIR)/Pods-Flickr-checkManifestLockResult.txt",
			);
			runOnlyForDeploymentPostprocessing = 0;
			shellPath = /bin/sh;
			shellScript = "diff \"${PODS_PODFILE_DIR_PATH}/Podfile.lock\" \"${PODS_ROOT}/Manifest.lock\" > /dev/null\nif [ $? != 0 ] ; then\n    # print error to STDERR\n    echo \"error: The sandbox is not in sync with the Podfile.lock. Run 'pod install' or update your CocoaPods installation.\" >&2\n    exit 1\nfi\n# This output is used by Xcode 'outputs' to avoid re-running this script phase.\necho \"SUCCESS\" > \"${SCRIPT_OUTPUT_FILE_0}\"\n";
			showEnvVarsInLog = 0;
		};
		969D3F50B830DB1CB6E88768 /* [CP] Check Pods Manifest.lock */ = {
			isa = PBXShellScriptBuildPhase;
			buildActionMask = 2147483647;
			files = (
			);
			inputPaths = (
				"${PODS_PODFILE_DIR_PATH}/Podfile.lock",
				"${PODS_ROOT}/Manifest.lock",
			);
			name = "[CP] Check Pods Manifest.lock";
			outputPaths = (
				"$(DERIVED_FILE_DIR)/Pods-FlickrTests-checkManifestLockResult.txt",
			);
			runOnlyForDeploymentPostprocessing = 0;
			shellPath = /bin/sh;
			shellScript = "diff \"${PODS_PODFILE_DIR_PATH}/Podfile.lock\" \"${PODS_ROOT}/Manifest.lock\" > /dev/null\nif [ $? != 0 ] ; then\n    # print error to STDERR\n    echo \"error: The sandbox is not in sync with the Podfile.lock. Run 'pod install' or update your CocoaPods installation.\" >&2\n    exit 1\nfi\n# This output is used by Xcode 'outputs' to avoid re-running this script phase.\necho \"SUCCESS\" > \"${SCRIPT_OUTPUT_FILE_0}\"\n";
			showEnvVarsInLog = 0;
		};
		B83DAAB157840D6CB67F3BC2 /* [CP] Check Pods Manifest.lock */ = {
			isa = PBXShellScriptBuildPhase;
			buildActionMask = 2147483647;
			files = (
			);
			inputPaths = (
				"${PODS_PODFILE_DIR_PATH}/Podfile.lock",
				"${PODS_ROOT}/Manifest.lock",
			);
			name = "[CP] Check Pods Manifest.lock";
			outputPaths = (
				"$(DERIVED_FILE_DIR)/Pods-FlickrUITests-checkManifestLockResult.txt",
			);
			runOnlyForDeploymentPostprocessing = 0;
			shellPath = /bin/sh;
			shellScript = "diff \"${PODS_PODFILE_DIR_PATH}/Podfile.lock\" \"${PODS_ROOT}/Manifest.lock\" > /dev/null\nif [ $? != 0 ] ; then\n    # print error to STDERR\n    echo \"error: The sandbox is not in sync with the Podfile.lock. Run 'pod install' or update your CocoaPods installation.\" >&2\n    exit 1\nfi\n# This output is used by Xcode 'outputs' to avoid re-running this script phase.\necho \"SUCCESS\" > \"${SCRIPT_OUTPUT_FILE_0}\"\n";
			showEnvVarsInLog = 0;
		};
		C8E695CB10E3389E384B6BED /* [CP] Embed Pods Frameworks */ = {
			isa = PBXShellScriptBuildPhase;
			buildActionMask = 2147483647;
			files = (
			);
			inputPaths = (
				"${PODS_ROOT}/Target Support Files/Pods-Flickr/Pods-Flickr-frameworks.sh",
				"${BUILT_PRODUCTS_DIR}/Alamofire/Alamofire.framework",
				"${BUILT_PRODUCTS_DIR}/SDWebImage/SDWebImage.framework",
				"${BUILT_PRODUCTS_DIR}/SwiftyJSON/SwiftyJSON.framework",
			);
			name = "[CP] Embed Pods Frameworks";
			outputPaths = (
				"${TARGET_BUILD_DIR}/${FRAMEWORKS_FOLDER_PATH}/Alamofire.framework",
				"${TARGET_BUILD_DIR}/${FRAMEWORKS_FOLDER_PATH}/SDWebImage.framework",
				"${TARGET_BUILD_DIR}/${FRAMEWORKS_FOLDER_PATH}/SwiftyJSON.framework",
			);
			runOnlyForDeploymentPostprocessing = 0;
			shellPath = /bin/sh;
			shellScript = "\"${PODS_ROOT}/Target Support Files/Pods-Flickr/Pods-Flickr-frameworks.sh\"\n";
			showEnvVarsInLog = 0;
		};
/* End PBXShellScriptBuildPhase section */

/* Begin PBXSourcesBuildPhase section */
		EFC66D8A205C3BAA00082749 /* Sources */ = {
			isa = PBXSourcesBuildPhase;
			buildActionMask = 2147483647;
			files = (
				EF06BBE9205DBE7D00BFEE8A /* JsonObjectConvertible.swift in Sources */,
				EFC66DC0205C3C2B00082749 /* ImageCollectionViewCell.swift in Sources */,
				EF7F4C5720C077580003A511 /* ImageLoader.swift in Sources */,
				EFC66D94205C3BAA00082749 /* ViewController.swift in Sources */,
				EFC66D92205C3BAA00082749 /* AppDelegate.swift in Sources */,
				EFC66DC2205C40FB00082749 /* FlickerManager.swift in Sources */,
			);
			runOnlyForDeploymentPostprocessing = 0;
		};
		EFC66D9E205C3BAA00082749 /* Sources */ = {
			isa = PBXSourcesBuildPhase;
			buildActionMask = 2147483647;
			files = (
				EFC66DA7205C3BAA00082749 /* FlickrTests.swift in Sources */,
			);
			runOnlyForDeploymentPostprocessing = 0;
		};
		EFC66DA9205C3BAA00082749 /* Sources */ = {
			isa = PBXSourcesBuildPhase;
			buildActionMask = 2147483647;
			files = (
				EFC66DB2205C3BAA00082749 /* FlickrUITests.swift in Sources */,
			);
			runOnlyForDeploymentPostprocessing = 0;
		};
/* End PBXSourcesBuildPhase section */

/* Begin PBXTargetDependency section */
		EFC66DA4205C3BAA00082749 /* PBXTargetDependency */ = {
			isa = PBXTargetDependency;
			target = EFC66D8D205C3BAA00082749 /* Flickr */;
			targetProxy = EFC66DA3205C3BAA00082749 /* PBXContainerItemProxy */;
		};
		EFC66DAF205C3BAA00082749 /* PBXTargetDependency */ = {
			isa = PBXTargetDependency;
			target = EFC66D8D205C3BAA00082749 /* Flickr */;
			targetProxy = EFC66DAE205C3BAA00082749 /* PBXContainerItemProxy */;
		};
/* End PBXTargetDependency section */

/* Begin PBXVariantGroup section */
		EFC66D95205C3BAA00082749 /* Main.storyboard */ = {
			isa = PBXVariantGroup;
			children = (
				EFC66D96205C3BAA00082749 /* Base */,
			);
			name = Main.storyboard;
			sourceTree = "<group>";
		};
		EFC66D9A205C3BAA00082749 /* LaunchScreen.storyboard */ = {
			isa = PBXVariantGroup;
			children = (
				EFC66D9B205C3BAA00082749 /* Base */,
			);
			name = LaunchScreen.storyboard;
			sourceTree = "<group>";
		};
/* End PBXVariantGroup section */

/* Begin XCBuildConfiguration section */
		EFC66DB4205C3BAA00082749 /* Debug */ = {
			isa = XCBuildConfiguration;
			buildSettings = {
				ALWAYS_SEARCH_USER_PATHS = NO;
				CLANG_ANALYZER_NONNULL = YES;
				CLANG_ANALYZER_NUMBER_OBJECT_CONVERSION = YES_AGGRESSIVE;
				CLANG_CXX_LANGUAGE_STANDARD = "gnu++14";
				CLANG_CXX_LIBRARY = "libc++";
				CLANG_ENABLE_MODULES = YES;
				CLANG_ENABLE_OBJC_ARC = YES;
				CLANG_WARN_BLOCK_CAPTURE_AUTORELEASING = YES;
				CLANG_WARN_BOOL_CONVERSION = YES;
				CLANG_WARN_COMMA = YES;
				CLANG_WARN_CONSTANT_CONVERSION = YES;
				CLANG_WARN_DEPRECATED_OBJC_IMPLEMENTATIONS = YES;
				CLANG_WARN_DIRECT_OBJC_ISA_USAGE = YES_ERROR;
				CLANG_WARN_DOCUMENTATION_COMMENTS = YES;
				CLANG_WARN_EMPTY_BODY = YES;
				CLANG_WARN_ENUM_CONVERSION = YES;
				CLANG_WARN_INFINITE_RECURSION = YES;
				CLANG_WARN_INT_CONVERSION = YES;
				CLANG_WARN_NON_LITERAL_NULL_CONVERSION = YES;
				CLANG_WARN_OBJC_IMPLICIT_RETAIN_SELF = YES;
				CLANG_WARN_OBJC_LITERAL_CONVERSION = YES;
				CLANG_WARN_OBJC_ROOT_CLASS = YES_ERROR;
				CLANG_WARN_QUOTED_INCLUDE_IN_FRAMEWORK_HEADER = YES;
				CLANG_WARN_RANGE_LOOP_ANALYSIS = YES;
				CLANG_WARN_STRICT_PROTOTYPES = YES;
				CLANG_WARN_SUSPICIOUS_MOVE = YES;
				CLANG_WARN_UNGUARDED_AVAILABILITY = YES_AGGRESSIVE;
				CLANG_WARN_UNREACHABLE_CODE = YES;
				CLANG_WARN__DUPLICATE_METHOD_MATCH = YES;
				CODE_SIGN_IDENTITY = "iPhone Developer";
				COPY_PHASE_STRIP = NO;
				DEBUG_INFORMATION_FORMAT = dwarf;
				ENABLE_STRICT_OBJC_MSGSEND = YES;
				ENABLE_TESTABILITY = YES;
				GCC_C_LANGUAGE_STANDARD = gnu11;
				GCC_DYNAMIC_NO_PIC = NO;
				GCC_NO_COMMON_BLOCKS = YES;
				GCC_OPTIMIZATION_LEVEL = 0;
				GCC_PREPROCESSOR_DEFINITIONS = (
					"DEBUG=1",
					"$(inherited)",
				);
				GCC_WARN_64_TO_32_BIT_CONVERSION = YES;
				GCC_WARN_ABOUT_RETURN_TYPE = YES_ERROR;
				GCC_WARN_UNDECLARED_SELECTOR = YES;
				GCC_WARN_UNINITIALIZED_AUTOS = YES_AGGRESSIVE;
				GCC_WARN_UNUSED_FUNCTION = YES;
				GCC_WARN_UNUSED_VARIABLE = YES;
				IPHONEOS_DEPLOYMENT_TARGET = 12.0;
				MTL_ENABLE_DEBUG_INFO = YES;
				ONLY_ACTIVE_ARCH = YES;
				SDKROOT = iphoneos;
				SWIFT_ACTIVE_COMPILATION_CONDITIONS = DEBUG;
				SWIFT_OPTIMIZATION_LEVEL = "-Onone";
			};
			name = Debug;
		};
		EFC66DB5205C3BAA00082749 /* Release */ = {
			isa = XCBuildConfiguration;
			buildSettings = {
				ALWAYS_SEARCH_USER_PATHS = NO;
				CLANG_ANALYZER_NONNULL = YES;
				CLANG_ANALYZER_NUMBER_OBJECT_CONVERSION = YES_AGGRESSIVE;
				CLANG_CXX_LANGUAGE_STANDARD = "gnu++14";
				CLANG_CXX_LIBRARY = "libc++";
				CLANG_ENABLE_MODULES = YES;
				CLANG_ENABLE_OBJC_ARC = YES;
				CLANG_WARN_BLOCK_CAPTURE_AUTORELEASING = YES;
				CLANG_WARN_BOOL_CONVERSION = YES;
				CLANG_WARN_COMMA = YES;
				CLANG_WARN_CONSTANT_CONVERSION = YES;
				CLANG_WARN_DEPRECATED_OBJC_IMPLEMENTATIONS = YES;
				CLANG_WARN_DIRECT_OBJC_ISA_USAGE = YES_ERROR;
				CLANG_WARN_DOCUMENTATION_COMMENTS = YES;
				CLANG_WARN_EMPTY_BODY = YES;
				CLANG_WARN_ENUM_CONVERSION = YES;
				CLANG_WARN_INFINITE_RECURSION = YES;
				CLANG_WARN_INT_CONVERSION = YES;
				CLANG_WARN_NON_LITERAL_NULL_CONVERSION = YES;
				CLANG_WARN_OBJC_IMPLICIT_RETAIN_SELF = YES;
				CLANG_WARN_OBJC_LITERAL_CONVERSION = YES;
				CLANG_WARN_OBJC_ROOT_CLASS = YES_ERROR;
				CLANG_WARN_QUOTED_INCLUDE_IN_FRAMEWORK_HEADER = YES;
				CLANG_WARN_RANGE_LOOP_ANALYSIS = YES;
				CLANG_WARN_STRICT_PROTOTYPES = YES;
				CLANG_WARN_SUSPICIOUS_MOVE = YES;
				CLANG_WARN_UNGUARDED_AVAILABILITY = YES_AGGRESSIVE;
				CLANG_WARN_UNREACHABLE_CODE = YES;
				CLANG_WARN__DUPLICATE_METHOD_MATCH = YES;
				CODE_SIGN_IDENTITY = "iPhone Developer";
				COPY_PHASE_STRIP = NO;
				DEBUG_INFORMATION_FORMAT = "dwarf-with-dsym";
				ENABLE_NS_ASSERTIONS = NO;
				ENABLE_STRICT_OBJC_MSGSEND = YES;
				GCC_C_LANGUAGE_STANDARD = gnu11;
				GCC_NO_COMMON_BLOCKS = YES;
				GCC_WARN_64_TO_32_BIT_CONVERSION = YES;
				GCC_WARN_ABOUT_RETURN_TYPE = YES_ERROR;
				GCC_WARN_UNDECLARED_SELECTOR = YES;
				GCC_WARN_UNINITIALIZED_AUTOS = YES_AGGRESSIVE;
				GCC_WARN_UNUSED_FUNCTION = YES;
				GCC_WARN_UNUSED_VARIABLE = YES;
				IPHONEOS_DEPLOYMENT_TARGET = 12.0;
				MTL_ENABLE_DEBUG_INFO = NO;
				SDKROOT = iphoneos;
				SWIFT_OPTIMIZATION_LEVEL = "-Owholemodule";
				VALIDATE_PRODUCT = YES;
			};
			name = Release;
		};
		EFC66DB7205C3BAA00082749 /* Debug */ = {
			isa = XCBuildConfiguration;
			baseConfigurationReference = 398F38D95D4ABD459D220B15 /* Pods-Flickr.debug.xcconfig */;
			buildSettings = {
				ASSETCATALOG_COMPILER_APPICON_NAME = AppIcon;
				CODE_SIGN_STYLE = Automatic;
				INFOPLIST_FILE = Flickr/Info.plist;
				IPHONEOS_DEPLOYMENT_TARGET = 12.0;
				LD_RUNPATH_SEARCH_PATHS = "$(inherited) @executable_path/Frameworks";
				PRODUCT_BUNDLE_IDENTIFIER = flickr.Flickr;
				PRODUCT_NAME = "$(TARGET_NAME)";
				SWIFT_VERSION = 5.0;
				TARGETED_DEVICE_FAMILY = "1,2";
			};
			name = Debug;
		};
		EFC66DB8205C3BAA00082749 /* Release */ = {
			isa = XCBuildConfiguration;
			baseConfigurationReference = 454BB5D31D5E601431F7DF00 /* Pods-Flickr.release.xcconfig */;
			buildSettings = {
				ASSETCATALOG_COMPILER_APPICON_NAME = AppIcon;
				CODE_SIGN_STYLE = Automatic;
				INFOPLIST_FILE = Flickr/Info.plist;
				IPHONEOS_DEPLOYMENT_TARGET = 12.0;
				LD_RUNPATH_SEARCH_PATHS = "$(inherited) @executable_path/Frameworks";
				PRODUCT_BUNDLE_IDENTIFIER = flickr.Flickr;
				PRODUCT_NAME = "$(TARGET_NAME)";
				SWIFT_VERSION = 5.0;
				TARGETED_DEVICE_FAMILY = "1,2";
			};
			name = Release;
		};
		EFC66DBA205C3BAA00082749 /* Debug */ = {
			isa = XCBuildConfiguration;
			baseConfigurationReference = 9886C5D183D4E3B18839B80C /* Pods-FlickrTests.debug.xcconfig */;
			buildSettings = {
				ALWAYS_EMBED_SWIFT_STANDARD_LIBRARIES = YES;
				BUNDLE_LOADER = "$(TEST_HOST)";
				CODE_SIGN_STYLE = Automatic;
				INFOPLIST_FILE = FlickrTests/Info.plist;
				LD_RUNPATH_SEARCH_PATHS = "$(inherited) @executable_path/Frameworks @loader_path/Frameworks";
				PRODUCT_BUNDLE_IDENTIFIER = flickr.FlickrTests;
				PRODUCT_NAME = "$(TARGET_NAME)";
				SWIFT_VERSION = 5.0;
				TARGETED_DEVICE_FAMILY = "1,2";
				TEST_HOST = "$(BUILT_PRODUCTS_DIR)/Flickr.app/Flickr";
			};
			name = Debug;
		};
		EFC66DBB205C3BAA00082749 /* Release */ = {
			isa = XCBuildConfiguration;
			baseConfigurationReference = C26D23F0EBA7BE962CD91280 /* Pods-FlickrTests.release.xcconfig */;
			buildSettings = {
				ALWAYS_EMBED_SWIFT_STANDARD_LIBRARIES = YES;
				BUNDLE_LOADER = "$(TEST_HOST)";
				CODE_SIGN_STYLE = Automatic;
				INFOPLIST_FILE = FlickrTests/Info.plist;
				LD_RUNPATH_SEARCH_PATHS = "$(inherited) @executable_path/Frameworks @loader_path/Frameworks";
				PRODUCT_BUNDLE_IDENTIFIER = flickr.FlickrTests;
				PRODUCT_NAME = "$(TARGET_NAME)";
				SWIFT_VERSION = 5.0;
				TARGETED_DEVICE_FAMILY = "1,2";
				TEST_HOST = "$(BUILT_PRODUCTS_DIR)/Flickr.app/Flickr";
			};
			name = Release;
		};
		EFC66DBD205C3BAA00082749 /* Debug */ = {
			isa = XCBuildConfiguration;
			baseConfigurationReference = 23791E50F8605BAD72741BA0 /* Pods-FlickrUITests.debug.xcconfig */;
			buildSettings = {
				ALWAYS_EMBED_SWIFT_STANDARD_LIBRARIES = YES;
				CODE_SIGN_STYLE = Automatic;
				INFOPLIST_FILE = FlickrUITests/Info.plist;
				LD_RUNPATH_SEARCH_PATHS = "$(inherited) @executable_path/Frameworks @loader_path/Frameworks";
				PRODUCT_BUNDLE_IDENTIFIER = flickr.FlickrUITests;
				PRODUCT_NAME = "$(TARGET_NAME)";
				SWIFT_VERSION = 5.0;
				TARGETED_DEVICE_FAMILY = "1,2";
				TEST_TARGET_NAME = Flickr;
			};
			name = Debug;
		};
		EFC66DBE205C3BAA00082749 /* Release */ = {
			isa = XCBuildConfiguration;
			baseConfigurationReference = 24C2A6FED9C6D48AD973D1B1 /* Pods-FlickrUITests.release.xcconfig */;
			buildSettings = {
				ALWAYS_EMBED_SWIFT_STANDARD_LIBRARIES = YES;
				CODE_SIGN_STYLE = Automatic;
				INFOPLIST_FILE = FlickrUITests/Info.plist;
				LD_RUNPATH_SEARCH_PATHS = "$(inherited) @executable_path/Frameworks @loader_path/Frameworks";
				PRODUCT_BUNDLE_IDENTIFIER = flickr.FlickrUITests;
				PRODUCT_NAME = "$(TARGET_NAME)";
				SWIFT_VERSION = 5.0;
				TARGETED_DEVICE_FAMILY = "1,2";
				TEST_TARGET_NAME = Flickr;
			};
			name = Release;
		};
/* End XCBuildConfiguration section */

/* Begin XCConfigurationList section */
		EFC66D89205C3BAA00082749 /* Build configuration list for PBXProject "Flickr" */ = {
			isa = XCConfigurationList;
			buildConfigurations = (
				EFC66DB4205C3BAA00082749 /* Debug */,
				EFC66DB5205C3BAA00082749 /* Release */,
			);
			defaultConfigurationIsVisible = 0;
			defaultConfigurationName = Release;
		};
		EFC66DB6205C3BAA00082749 /* Build configuration list for PBXNativeTarget "Flickr" */ = {
			isa = XCConfigurationList;
			buildConfigurations = (
				EFC66DB7205C3BAA00082749 /* Debug */,
				EFC66DB8205C3BAA00082749 /* Release */,
			);
			defaultConfigurationIsVisible = 0;
			defaultConfigurationName = Release;
		};
		EFC66DB9205C3BAA00082749 /* Build configuration list for PBXNativeTarget "FlickrTests" */ = {
			isa = XCConfigurationList;
			buildConfigurations = (
				EFC66DBA205C3BAA00082749 /* Debug */,
				EFC66DBB205C3BAA00082749 /* Release */,
			);
			defaultConfigurationIsVisible = 0;
			defaultConfigurationName = Release;
		};
		EFC66DBC205C3BAA00082749 /* Build configuration list for PBXNativeTarget "FlickrUITests" */ = {
			isa = XCConfigurationList;
			buildConfigurations = (
				EFC66DBD205C3BAA00082749 /* Debug */,
				EFC66DBE205C3BAA00082749 /* Release */,
			);
			defaultConfigurationIsVisible = 0;
			defaultConfigurationName = Release;
		};
/* End XCConfigurationList section */
	};
	rootObject = EFC66D86205C3BAA00082749 /* Project object */;
}
